
Microsoft Visual Studio Solution File, Format Version 12.00
# Visual Studio Version 17
VisualStudioVersion = 17.9.34701.34
MinimumVisualStudioVersion = 10.0.40219.1
Project("{9A19103F-16F7-4668-BE54-9A1E7A4F7556}") = "DrillDownChart", "DrillDownChart\DrillDownChart.csproj", "{C7A1F1C8-2D12-4C3D-BE41-B34F770F85CD}"
EndProject
Global
	GlobalSection(SolutionConfigurationPlatforms) = preSolution
		Debug|Any CPU = Debug|Any CPU
		Release|Any CPU = Release|Any CPU
	EndGlobalSection
	GlobalSection(ProjectConfigurationPlatforms) = postSolution
		{C7A1F1C8-2D12-4C3D-BE41-B34F770F85CD}.Debug|Any CPU.ActiveCfg = Debug|Any CPU
		{C7A1F1C8-2D12-4C3D-BE41-B34F770F85CD}.Debug|Any CPU.Build.0 = Debug|Any CPU
		{C7A1F1C8-2D12-4C3D-BE41-B34F770F85CD}.Debug|Any CPU.Deploy.0 = Debug|Any CPU
		{C7A1F1C8-2D12-4C3D-BE41-B34F770F85CD}.Release|Any CPU.ActiveCfg = Release|Any CPU
		{C7A1F1C8-2D12-4C3D-BE41-B34F770F85CD}.Release|Any CPU.Build.0 = Release|Any CPU
		{C7A1F1C8-2D12-4C3D-BE41-B34F770F85CD}.Release|Any CPU.Deploy.0 = Release|Any CPU
	EndGlobalSection
	GlobalSection(SolutionProperties) = preSolution
		HideSolutionNode = FALSE
	EndGlobalSection
	GlobalSection(ExtensibilityGlobals) = postSolution
		SolutionGuid = {0D8DD2F6-7523-4676-BC2F-6156FEFCFE6E}
	EndGlobalSection
EndGlobal
